
Microsoft Visual Studio Solution File, Format Version 12.00
# Visual Studio Version 17
VisualStudioVersion = 17.5.33627.172
MinimumVisualStudioVersion = 10.0.40219.1
Project("{9A19103F-16F7-4668-BE54-9A1E7A4F7556}") = "ReferralAPI", "ReferralAPI\ReferralAPI.csproj", "{0CBC3D36-7AE2-4FC5-A326-E60C70E197AA}"
EndProject
Project("{9A19103F-16F7-4668-BE54-9A1E7A4F7556}") = "ReferralManagement", "ReferralManagement\ReferralManagement.csproj", "{A5C40066-6013-446E-A9F4-9B96EF0B7C6E}"
EndProject
Project("{FAE04EC0-301F-11D3-BF4B-00C04F79EFBC}") = "ReferralAPI.Tests", "ReferralAPI.Tests\ReferralAPI.Tests.csproj", "{A6A3646D-E1EB-4173-A8F8-53B67CFD64C9}"
EndProject
Global
	GlobalSection(SolutionConfigurationPlatforms) = preSolution
		Debug|Any CPU = Debug|Any CPU
		Release|Any CPU = Release|Any CPU
	EndGlobalSection
	GlobalSection(ProjectConfigurationPlatforms) = postSolution
		{0CBC3D36-7AE2-4FC5-A326-E60C70E197AA}.Debug|Any CPU.ActiveCfg = Debug|Any CPU
		{0CBC3D36-7AE2-4FC5-A326-E60C70E197AA}.Debug|Any CPU.Build.0 = Debug|Any CPU
		{0CBC3D36-7AE2-4FC5-A326-E60C70E197AA}.Release|Any CPU.ActiveCfg = Release|Any CPU
		{0CBC3D36-7AE2-4FC5-A326-E60C70E197AA}.Release|Any CPU.Build.0 = Release|Any CPU
		{A5C40066-6013-446E-A9F4-9B96EF0B7C6E}.Debug|Any CPU.ActiveCfg = Debug|Any CPU
		{A5C40066-6013-446E-A9F4-9B96EF0B7C6E}.Debug|Any CPU.Build.0 = Debug|Any CPU
		{A5C40066-6013-446E-A9F4-9B96EF0B7C6E}.Release|Any CPU.ActiveCfg = Release|Any CPU
		{A5C40066-6013-446E-A9F4-9B96EF0B7C6E}.Release|Any CPU.Build.0 = Release|Any CPU
		{A6A3646D-E1EB-4173-A8F8-53B67CFD64C9}.Debug|Any CPU.ActiveCfg = Debug|Any CPU
		{A6A3646D-E1EB-4173-A8F8-53B67CFD64C9}.Debug|Any CPU.Build.0 = Debug|Any CPU
		{A6A3646D-E1EB-4173-A8F8-53B67CFD64C9}.Release|Any CPU.ActiveCfg = Release|Any CPU
		{A6A3646D-E1EB-4173-A8F8-53B67CFD64C9}.Release|Any CPU.Build.0 = Release|Any CPU
	EndGlobalSection
	GlobalSection(SolutionProperties) = preSolution
		HideSolutionNode = FALSE
	EndGlobalSection
	GlobalSection(ExtensibilityGlobals) = postSolution
		SolutionGuid = {25F03332-2E07-49B1-BF49-66D088D62ECC}
	EndGlobalSection
EndGlobal
